<?xml version="1.0" encoding="utf-8"?>
<Project ToolsVersion="4.0" xmlns="http://schemas.microsoft.com/developer/msbuild/2003">
  <ItemGroup>
    <Filter Include="소스 파일">
      <UniqueIdentifier>{4FC737F1-C7A5-4376-A066-2A32D752A2FF}</UniqueIdentifier>
      <Extensions>cpp;c;cc;cxx;c++;cppm;ixx;def;odl;idl;hpj;bat;asm;asmx</Extensions>
    </Filter>
    <Filter Include="헤더 파일">
      <UniqueIdentifier>{93995380-89BD-4b04-88EB-625FBE52EBFB}</UniqueIdentifier>
      <Extensions>h;hh;hpp;hxx;h++;hm;inl;inc;ipp;xsd</Extensions>
    </Filter>
    <Filter Include="리소스 파일">
      <UniqueIdentifier>{67DA6AB6-F800-4c08-8B7A-83BB121AAD01}</UniqueIdentifier>
      <Extensions>rc;ico;cur;bmp;dlg;rc2;rct;bin;rgs;gif;jpg;jpeg;jpe;resx;tiff;tif;png;wav;mfcribbon-ms</Extensions>
    </Filter>
    <Filter Include="소스 파일\OOP">
      <UniqueIdentifier>{e63cd3dd-87f9-45fb-9237-ce39f9768827}</UniqueIdentifier>
    </Filter>
    <Filter Include="소스 파일\OOP\OOP.6">
      <UniqueIdentifier>{d2941922-1023-462d-8c79-3b18974473ee}</UniqueIdentifier>
    </Filter>
    <Filter Include="소스 파일\OOP\OOP.7">
      <UniqueIdentifier>{6984e184-ca5d-46a3-8aaf-d5237efba80a}</UniqueIdentifier>
    </Filter>
    <Filter Include="소스 파일\OOP\OOP.8">
      <UniqueIdentifier>{842bfe8d-47e8-4b1f-b5c7-bc8ddb9f76e7}</UniqueIdentifier>
    </Filter>
    <Filter Include="소스 파일\OOP\OOP.9">
      <UniqueIdentifier>{7bb70bb2-14e2-4a26-94d0-1b56b2e969ad}</UniqueIdentifier>
    </Filter>
    <Filter Include="소스 파일\OOP\OOP.10">
      <UniqueIdentifier>{acfa79aa-fe08-4340-9161-fc16eb1ab4b7}</UniqueIdentifier>
    </Filter>
    <Filter Include="소스 파일\OOP\OOP.11">
      <UniqueIdentifier>{90ac8b63-d145-4907-9c5a-09a092ef3565}</UniqueIdentifier>
    </Filter>
    <Filter Include="소스 파일\OOP\OOP.6\CPP">
      <UniqueIdentifier>{acf0464d-3a47-46d0-af98-fd1ba335c998}</UniqueIdentifier>
    </Filter>
    <Filter Include="소스 파일\OOP\OOP.6\Header">
      <UniqueIdentifier>{df89c0e5-9e56-4c2a-a003-1cb0ec60e036}</UniqueIdentifier>
    </Filter>
    <Filter Include="소스 파일\OOP\OOP.7\CPP">
      <UniqueIdentifier>{9a5607de-fbc3-47a1-8892-0605a98b7eed}</UniqueIdentifier>
    </Filter>
    <Filter Include="소스 파일\OOP\OOP.7\Header">
      <UniqueIdentifier>{60feeadb-5d66-4c4f-bfce-1c8724bb1106}</UniqueIdentifier>
    </Filter>
    <Filter Include="소스 파일\OOP\OOP.8\CPP">
      <UniqueIdentifier>{d72204fc-aa9a-4ce2-9b94-c3bf7c31f5e6}</UniqueIdentifier>
    </Filter>
    <Filter Include="소스 파일\OOP\OOP.8\Header">
      <UniqueIdentifier>{24b751d6-7027-4679-af12-a7c2728f9d71}</UniqueIdentifier>
    </Filter>
    <Filter Include="소스 파일\OOP\OOP.9\CPP">
      <UniqueIdentifier>{96c81ad0-edc6-4e58-bb30-c525e70eb770}</UniqueIdentifier>
    </Filter>
    <Filter Include="소스 파일\OOP\OOP.9\Header">
      <UniqueIdentifier>{16572611-7736-493d-a99c-97951731a9e0}</UniqueIdentifier>
    </Filter>
    <Filter Include="소스 파일\OOP\OOP.10\CPP">
      <UniqueIdentifier>{a1b31d24-74fa-43bf-9b41-1b3b991ed38f}</UniqueIdentifier>
    </Filter>
    <Filter Include="소스 파일\OOP\OOP.10\Header">
      <UniqueIdentifier>{9da3f98c-b686-4937-833e-cd21f1f87d5e}</UniqueIdentifier>
    </Filter>
  </ItemGroup>
  <ItemGroup>
    <ClCompile Include="FunctionOverloading.cpp">
      <Filter>소스 파일</Filter>
    </ClCompile>
    <ClCompile Include="HelloWorld.cpp">
      <Filter>소스 파일</Filter>
    </ClCompile>
    <ClCompile Include="InlineFunc.cpp">
      <Filter>소스 파일</Filter>
    </ClCompile>
    <ClCompile Include="NameAlias.cpp">
      <Filter>소스 파일</Filter>
    </ClCompile>
    <ClCompile Include="NameSp1.cpp">
      <Filter>소스 파일</Filter>
    </ClCompile>
    <ClCompile Include="NameSp2.cpp">
      <Filter>소스 파일</Filter>
    </ClCompile>
    <ClCompile Include="NameSp3.cpp">
      <Filter>소스 파일</Filter>
    </ClCompile>
    <ClCompile Include="SimpleAdder.cpp">
      <Filter>소스 파일</Filter>
    </ClCompile>
    <ClCompile Include="StringIO.cpp">
      <Filter>소스 파일</Filter>
    </ClCompile>
    <ClCompile Include="UsingDcl1.cpp">
      <Filter>소스 파일</Filter>
    </ClCompile>
    <ClCompile Include="UsingDcl2.cpp">
      <Filter>소스 파일</Filter>
    </ClCompile>
    <ClCompile Include="UsingDcl3.cpp">
      <Filter>소스 파일</Filter>
    </ClCompile>
    <ClCompile Include="BetweenAdder.cpp">
      <Filter>소스 파일</Filter>
    </ClCompile>
    <ClCompile Include="DefaultValue1.cpp">
      <Filter>소스 파일</Filter>
    </ClCompile>
    <ClCompile Include="DefaultValue2.cpp">
      <Filter>소스 파일</Filter>
    </ClCompile>
    <ClCompile Include="DefaultValue3.cpp">
      <Filter>소스 파일</Filter>
    </ClCompile>
    <ClCompile Include="oop.0.cpp">
      <Filter>소스 파일\OOP</Filter>
    </ClCompile>
    <ClCompile Include="NameSp2Main.cpp">
      <Filter>소스 파일</Filter>
    </ClCompile>
    <ClCompile Include="Q1_2.cpp">
      <Filter>소스 파일</Filter>
    </ClCompile>
    <ClCompile Include="oop.1.cpp">
      <Filter>소스 파일\OOP</Filter>
    </ClCompile>
    <ClCompile Include="oop.2.cpp">
      <Filter>소스 파일\OOP</Filter>
    </ClCompile>
    <ClCompile Include="oop.3.cpp">
      <Filter>소스 파일\OOP</Filter>
    </ClCompile>
    <ClCompile Include="oop.4.cpp">
      <Filter>소스 파일\OOP</Filter>
    </ClCompile>
    <ClCompile Include="oop.5.cpp">
      <Filter>소스 파일\OOP</Filter>
    </ClCompile>
    <ClCompile Include="BankingSystemMain.cpp">
      <Filter>소스 파일\OOP\OOP.6\CPP</Filter>
    </ClCompile>
    <ClCompile Include="Account.cpp">
      <Filter>소스 파일\OOP\OOP.6\CPP</Filter>
    </ClCompile>
    <ClCompile Include="AccountHandler.cpp">
      <Filter>소스 파일\OOP\OOP.6\CPP</Filter>
    </ClCompile>
    <ClCompile Include="Account07.cpp">
      <Filter>소스 파일\OOP\OOP.7\CPP</Filter>
    </ClCompile>
    <ClCompile Include="AccountHandler07.cpp">
      <Filter>소스 파일\OOP\OOP.7\CPP</Filter>
    </ClCompile>
    <ClCompile Include="BankingSystemMain07.cpp">
      <Filter>소스 파일\OOP\OOP.7\CPP</Filter>
    </ClCompile>
    <ClCompile Include="AccountArray.cpp">
      <Filter>소스 파일\OOP\OOP.7\CPP</Filter>
    </ClCompile>
    <ClCompile Include="oop.8\Account07.cpp">
      <Filter>소스 파일\OOP\OOP.8\CPP</Filter>
    </ClCompile>
    <ClCompile Include="oop.8\AccountArray.cpp">
      <Filter>소스 파일\OOP\OOP.8\CPP</Filter>
    </ClCompile>
    <ClCompile Include="oop.8\AccountHandler07.cpp">
      <Filter>소스 파일\OOP\OOP.8\CPP</Filter>
    </ClCompile>
    <ClCompile Include="oop.8\BankingSystemMain07.cpp">
      <Filter>소스 파일\OOP\OOP.8\CPP</Filter>
    </ClCompile>
    <ClCompile Include="oop.8\String.cpp">
      <Filter>소스 파일\OOP\OOP.8\CPP</Filter>
    </ClCompile>
    <ClCompile Include="oop.9\Account07.cpp">
      <Filter>소스 파일\OOP\OOP.9\CPP</Filter>
    </ClCompile>
    <ClCompile Include="oop.9\BoundCheckArray.cpp">
      <Filter>소스 파일\OOP\OOP.9\CPP</Filter>
    </ClCompile>
    <ClCompile Include="oop.9\AccountHandler07.cpp">
      <Filter>소스 파일\OOP\OOP.9\CPP</Filter>
    </ClCompile>
    <ClCompile Include="oop.9\BankingSystemMain07.cpp">
      <Filter>소스 파일\OOP\OOP.9\CPP</Filter>
    </ClCompile>
    <ClCompile Include="oop.9\String.cpp">
      <Filter>소스 파일\OOP\OOP.9\CPP</Filter>
    </ClCompile>
    <ClCompile Include="oop.10\Account07.cpp">
      <Filter>소스 파일\OOP\OOP.10\CPP</Filter>
    </ClCompile>
    <ClCompile Include="oop.10\AccountHandler07.cpp">
      <Filter>소스 파일\OOP\OOP.10\CPP</Filter>
    </ClCompile>
    <ClCompile Include="oop.10\BankingSystemMain07.cpp">
      <Filter>소스 파일\OOP\OOP.10\CPP</Filter>
    </ClCompile>
    <ClCompile Include="oop.10\BoundCheckArray.cpp">
      <Filter>소스 파일\OOP\OOP.10\CPP</Filter>
    </ClCompile>
    <ClCompile Include="oop.10\String.cpp">
      <Filter>소스 파일\OOP\OOP.10\CPP</Filter>
    </ClCompile>
    <ClCompile Include="AccountException.cpp">
      <Filter>소스 파일\OOP\OOP.10\CPP</Filter>
    </ClCompile>
  </ItemGroup>
  <ItemGroup>
    <ClInclude Include="NameSp2.h">
      <Filter>헤더 파일</Filter>
    </ClInclude>
    <ClInclude Include="Account.h">
      <Filter>소스 파일\OOP\OOP.6\Header</Filter>
    </ClInclude>
    <ClInclude Include="NormalAccount.h">
      <Filter>소스 파일\OOP\OOP.6\Header</Filter>
    </ClInclude>
    <ClInclude Include="HighCreditAccount.h">
      <Filter>소스 파일\OOP\OOP.6\Header</Filter>
    </ClInclude>
    <ClInclude Include="AccountHandler.h">
      <Filter>소스 파일\OOP\OOP.6\Header</Filter>
    </ClInclude>
    <ClInclude Include="BankingCommonDecl.h">
      <Filter>소스 파일\OOP\OOP.6\Header</Filter>
    </ClInclude>
    <ClInclude Include="Account07.h">
      <Filter>소스 파일\OOP\OOP.7\Header</Filter>
    </ClInclude>
    <ClInclude Include="AccountHandler07.h">
      <Filter>소스 파일\OOP\OOP.7\Header</Filter>
    </ClInclude>
    <ClInclude Include="BankingCommonDecl07.h">
      <Filter>소스 파일\OOP\OOP.7\Header</Filter>
    </ClInclude>
    <ClInclude Include="HighCreditAccount07.h">
      <Filter>소스 파일\OOP\OOP.7\Header</Filter>
    </ClInclude>
    <ClInclude Include="NormalAccount07.h">
      <Filter>소스 파일\OOP\OOP.7\Header</Filter>
    </ClInclude>
    <ClInclude Include="AccountArray.h">
      <Filter>소스 파일\OOP\OOP.7\Header</Filter>
    </ClInclude>
    <ClInclude Include="oop.8\Account07.h">
      <Filter>소스 파일\OOP\OOP.8\Header</Filter>
    </ClInclude>
    <ClInclude Include="oop.8\AccountArray.h">
      <Filter>소스 파일\OOP\OOP.8\Header</Filter>
    </ClInclude>
    <ClInclude Include="oop.8\AccountHandler07.h">
      <Filter>소스 파일\OOP\OOP.8\Header</Filter>
    </ClInclude>
    <ClInclude Include="oop.8\BankingCommonDecl07.h">
      <Filter>소스 파일\OOP\OOP.8\Header</Filter>
    </ClInclude>
    <ClInclude Include="oop.8\HighCreditAccount07.h">
      <Filter>소스 파일\OOP\OOP.8\Header</Filter>
    </ClInclude>
    <ClInclude Include="oop.8\NormalAccount07.h">
      <Filter>소스 파일\OOP\OOP.8\Header</Filter>
    </ClInclude>
    <ClInclude Include="oop.8\String.h">
      <Filter>소스 파일\OOP\OOP.8\Header</Filter>
    </ClInclude>
    <ClInclude Include="oop.9\Account07.h">
      <Filter>소스 파일\OOP\OOP.9\Header</Filter>
    </ClInclude>
    <ClInclude Include="oop.9\BoundCheckArray.h">
      <Filter>소스 파일\OOP\OOP.9\Header</Filter>
    </ClInclude>
    <ClInclude Include="oop.9\AccountHandler07.h">
      <Filter>소스 파일\OOP\OOP.9\Header</Filter>
    </ClInclude>
    <ClInclude Include="oop.9\BankingCommonDecl07.h">
      <Filter>소스 파일\OOP\OOP.9\Header</Filter>
    </ClInclude>
    <ClInclude Include="oop.9\HighCreditAccount07.h">
      <Filter>소스 파일\OOP\OOP.9\Header</Filter>
    </ClInclude>
    <ClInclude Include="oop.9\NormalAccount07.h">
      <Filter>소스 파일\OOP\OOP.9\Header</Filter>
    </ClInclude>
    <ClInclude Include="oop.9\String.h">
      <Filter>소스 파일\OOP\OOP.9\Header</Filter>
    </ClInclude>
    <ClInclude Include="oop.10\Account07.h">
      <Filter>소스 파일\OOP\OOP.10\Header</Filter>
    </ClInclude>
    <ClInclude Include="oop.10\AccountHandler07.h">
      <Filter>소스 파일\OOP\OOP.10\Header</Filter>
    </ClInclude>
    <ClInclude Include="oop.10\BankingCommonDecl07.h">
      <Filter>소스 파일\OOP\OOP.10\Header</Filter>
    </ClInclude>
    <ClInclude Include="oop.10\BoundCheckArray.h">
      <Filter>소스 파일\OOP\OOP.10\Header</Filter>
    </ClInclude>
    <ClInclude Include="oop.10\HighCreditAccount07.h">
      <Filter>소스 파일\OOP\OOP.10\Header</Filter>
    </ClInclude>
    <ClInclude Include="oop.10\NormalAccount07.h">
      <Filter>소스 파일\OOP\OOP.10\Header</Filter>
    </ClInclude>
    <ClInclude Include="oop.10\String.h">
      <Filter>소스 파일\OOP\OOP.10\Header</Filter>
    </ClInclude>
    <ClInclude Include="AccountException.h">
      <Filter>소스 파일\OOP\OOP.10\Header</Filter>
    </ClInclude>
  </ItemGroup>
</Project>